
Microsoft Visual Studio Solution File, Format Version 12.00
# Visual Studio Version 17
VisualStudioVersion = 17.4.33213.308
MinimumVisualStudioVersion = 10.0.40219.1
Project("{FAE04EC0-301F-11D3-BF4B-00C04F79EFBC}") = "SEBrowser", "SEBrowser\SEBrowser.csproj", "{845F68F7-4094-4FE6-95E3-1B113BBFAD3F}"
EndProject
Project("{2150E333-8FDC-42A3-9474-1A3956D46DE8}") = "Libraries", "Libraries", "{F2E35B3E-9711-EDEC-6202-DB40BDEED14A}"
EndProject
Project("{FAE04EC0-301F-11D3-BF4B-00C04F79EFBC}") = "FaultAlgorithms", "Libraries\FaultAlgorithms\FaultAlgorithms.csproj", "{DFC00D55-DF4D-4374-A849-D211D80ECAAE}"
EndProject
Project("{FAE04EC0-301F-11D3-BF4B-00C04F79EFBC}") = "FaultData", "Libraries\FaultData\FaultData.csproj", "{A8B2DADD-332F-4345-98E2-EFE7DC5FB4A6}"
EndProject
Project("{FAE04EC0-301F-11D3-BF4B-00C04F79EFBC}") = "openXDA.Model", "Libraries\openXDA.Model\openXDA.Model.csproj", "{3FD77019-7712-4488-B4F0-5DC7FBE5049B}"
EndProject
Project("{FAE04EC0-301F-11D3-BF4B-00C04F79EFBC}") = "openHistorian.XDALink", "Libraries\openHistorian.XDALink\openHistorian.XDALink.csproj", "{7F731255-FA83-4DBF-9E0F-C22AE4845E76}"
EndProject
Project("{FAE04EC0-301F-11D3-BF4B-00C04F79EFBC}") = "openXDA.APIAuthentication", "Libraries\openXDA.APIAuthentication\openXDA.APIAuthentication.csproj", "{A174571F-FDA7-41E5-9C45-5AFF668B129D}"
EndProject
Project("{FAE04EC0-301F-11D3-BF4B-00C04F79EFBC}") = "openXDA.Configuration", "Libraries\openXDA.Configuration\openXDA.Configuration.csproj", "{83D8122C-2BCC-4813-B449-224D9F7E5AEE}"
EndProject
Project("{FAE04EC0-301F-11D3-BF4B-00C04F79EFBC}") = "openXDA.PQI", "Libraries\openXDA.PQI\openXDA.PQI.csproj", "{3DEC81F1-9A02-4BBF-8325-F332AC63393E}"
EndProject
Project("{FAE04EC0-301F-11D3-BF4B-00C04F79EFBC}") = "openXDA.Reports", "Libraries\openXDA.Reports\openXDA.Reports.csproj", "{656F97D9-4FB6-4F65-A9A6-1A1DDE3AF634}"
EndProject
Global
	GlobalSection(SolutionConfigurationPlatforms) = preSolution
		Debug|Any CPU = Debug|Any CPU
		Release|Any CPU = Release|Any CPU
	EndGlobalSection
	GlobalSection(ProjectConfigurationPlatforms) = postSolution
		{845F68F7-4094-4FE6-95E3-1B113BBFAD3F}.Debug|Any CPU.ActiveCfg = Debug|Any CPU
		{845F68F7-4094-4FE6-95E3-1B113BBFAD3F}.Debug|Any CPU.Build.0 = Debug|Any CPU
		{845F68F7-4094-4FE6-95E3-1B113BBFAD3F}.Release|Any CPU.ActiveCfg = Release|Any CPU
		{845F68F7-4094-4FE6-95E3-1B113BBFAD3F}.Release|Any CPU.Build.0 = Release|Any CPU
		{DFC00D55-DF4D-4374-A849-D211D80ECAAE}.Debug|Any CPU.ActiveCfg = Debug|Any CPU
		{DFC00D55-DF4D-4374-A849-D211D80ECAAE}.Debug|Any CPU.Build.0 = Debug|Any CPU
		{DFC00D55-DF4D-4374-A849-D211D80ECAAE}.Release|Any CPU.ActiveCfg = Release|Any CPU
		{DFC00D55-DF4D-4374-A849-D211D80ECAAE}.Release|Any CPU.Build.0 = Release|Any CPU
		{A8B2DADD-332F-4345-98E2-EFE7DC5FB4A6}.Debug|Any CPU.ActiveCfg = Debug|Any CPU
		{A8B2DADD-332F-4345-98E2-EFE7DC5FB4A6}.Debug|Any CPU.Build.0 = Debug|Any CPU
		{A8B2DADD-332F-4345-98E2-EFE7DC5FB4A6}.Release|Any CPU.ActiveCfg = Release|Any CPU
		{A8B2DADD-332F-4345-98E2-EFE7DC5FB4A6}.Release|Any CPU.Build.0 = Release|Any CPU
		{3FD77019-7712-4488-B4F0-5DC7FBE5049B}.Debug|Any CPU.ActiveCfg = Debug|Any CPU
		{3FD77019-7712-4488-B4F0-5DC7FBE5049B}.Debug|Any CPU.Build.0 = Debug|Any CPU
		{3FD77019-7712-4488-B4F0-5DC7FBE5049B}.Release|Any CPU.ActiveCfg = Release|Any CPU
		{3FD77019-7712-4488-B4F0-5DC7FBE5049B}.Release|Any CPU.Build.0 = Release|Any CPU
		{7F731255-FA83-4DBF-9E0F-C22AE4845E76}.Debug|Any CPU.ActiveCfg = Debug|Any CPU
		{7F731255-FA83-4DBF-9E0F-C22AE4845E76}.Debug|Any CPU.Build.0 = Debug|Any CPU
		{7F731255-FA83-4DBF-9E0F-C22AE4845E76}.Release|Any CPU.ActiveCfg = Release|Any CPU
		{7F731255-FA83-4DBF-9E0F-C22AE4845E76}.Release|Any CPU.Build.0 = Release|Any CPU
		{A174571F-FDA7-41E5-9C45-5AFF668B129D}.Debug|Any CPU.ActiveCfg = Debug|Any CPU
		{A174571F-FDA7-41E5-9C45-5AFF668B129D}.Debug|Any CPU.Build.0 = Debug|Any CPU
		{A174571F-FDA7-41E5-9C45-5AFF668B129D}.Release|Any CPU.ActiveCfg = Release|Any CPU
		{A174571F-FDA7-41E5-9C45-5AFF668B129D}.Release|Any CPU.Build.0 = Release|Any CPU
		{83D8122C-2BCC-4813-B449-224D9F7E5AEE}.Debug|Any CPU.ActiveCfg = Debug|Any CPU
		{83D8122C-2BCC-4813-B449-224D9F7E5AEE}.Debug|Any CPU.Build.0 = Debug|Any CPU
		{83D8122C-2BCC-4813-B449-224D9F7E5AEE}.Release|Any CPU.ActiveCfg = Release|Any CPU
		{83D8122C-2BCC-4813-B449-224D9F7E5AEE}.Release|Any CPU.Build.0 = Release|Any CPU
		{3DEC81F1-9A02-4BBF-8325-F332AC63393E}.Debug|Any CPU.ActiveCfg = Debug|Any CPU
		{3DEC81F1-9A02-4BBF-8325-F332AC63393E}.Debug|Any CPU.Build.0 = Debug|Any CPU
		{3DEC81F1-9A02-4BBF-8325-F332AC63393E}.Release|Any CPU.ActiveCfg = Release|Any CPU
		{3DEC81F1-9A02-4BBF-8325-F332AC63393E}.Release|Any CPU.Build.0 = Release|Any CPU
		{656F97D9-4FB6-4F65-A9A6-1A1DDE3AF634}.Debug|Any CPU.ActiveCfg = Debug|Any CPU
		{656F97D9-4FB6-4F65-A9A6-1A1DDE3AF634}.Debug|Any CPU.Build.0 = Debug|Any CPU
		{656F97D9-4FB6-4F65-A9A6-1A1DDE3AF634}.Release|Any CPU.ActiveCfg = Release|Any CPU
		{656F97D9-4FB6-4F65-A9A6-1A1DDE3AF634}.Release|Any CPU.Build.0 = Release|Any CPU
	EndGlobalSection
	GlobalSection(SolutionProperties) = preSolution
		HideSolutionNode = FALSE
	EndGlobalSection
	GlobalSection(NestedProjects) = preSolution
		{DFC00D55-DF4D-4374-A849-D211D80ECAAE} = {F2E35B3E-9711-EDEC-6202-DB40BDEED14A}
		{A8B2DADD-332F-4345-98E2-EFE7DC5FB4A6} = {F2E35B3E-9711-EDEC-6202-DB40BDEED14A}
		{3FD77019-7712-4488-B4F0-5DC7FBE5049B} = {F2E35B3E-9711-EDEC-6202-DB40BDEED14A}
		{7F731255-FA83-4DBF-9E0F-C22AE4845E76} = {F2E35B3E-9711-EDEC-6202-DB40BDEED14A}
		{A174571F-FDA7-41E5-9C45-5AFF668B129D} = {F2E35B3E-9711-EDEC-6202-DB40BDEED14A}
		{83D8122C-2BCC-4813-B449-224D9F7E5AEE} = {F2E35B3E-9711-EDEC-6202-DB40BDEED14A}
		{3DEC81F1-9A02-4BBF-8325-F332AC63393E} = {F2E35B3E-9711-EDEC-6202-DB40BDEED14A}
		{656F97D9-4FB6-4F65-A9A6-1A1DDE3AF634} = {F2E35B3E-9711-EDEC-6202-DB40BDEED14A}
	EndGlobalSection
	GlobalSection(ExtensibilityGlobals) = postSolution
		SolutionGuid = {3E81769A-8E91-4DE2-AD77-438C680437A5}
	EndGlobalSection
EndGlobal
